
Microsoft Visual Studio Solution File, Format Version 12.00
# Visual Studio Version 17
VisualStudioVersion = 17.0.31903.59
MinimumVisualStudioVersion = 10.0.40219.1
Project("{FAE04EC0-301F-11D3-BF4B-00C04F79EFBC}") = "OpenDicom", "OpenDicom\OpenDicom.csproj", "{A01DCC6D-226A-4003-86EB-925696C01FDD}"
EndProject
Project("{FAE04EC0-301F-11D3-BF4B-00C04F79EFBC}") = "OpenDicom.TestTool", "OpenDicom.TestTool\OpenDicom.TestTool.csproj", "{465C0B5D-91AE-437F-BDE9-D294449BDF77}"
EndProject
Global
	GlobalSection(SolutionConfigurationPlatforms) = preSolution
		Debug|Any CPU = Debug|Any CPU
		Debug|x64 = Debug|x64
		Debug|x86 = Debug|x86
		Release|Any CPU = Release|Any CPU
		Release|x64 = Release|x64
		Release|x86 = Release|x86
	EndGlobalSection
	GlobalSection(ProjectConfigurationPlatforms) = postSolution
		{A01DCC6D-226A-4003-86EB-925696C01FDD}.Debug|Any CPU.ActiveCfg = Debug|Any CPU
		{A01DCC6D-226A-4003-86EB-925696C01FDD}.Debug|Any CPU.Build.0 = Debug|Any CPU
		{A01DCC6D-226A-4003-86EB-925696C01FDD}.Debug|x64.ActiveCfg = Debug|Any CPU
		{A01DCC6D-226A-4003-86EB-925696C01FDD}.Debug|x64.Build.0 = Debug|Any CPU
		{A01DCC6D-226A-4003-86EB-925696C01FDD}.Debug|x86.ActiveCfg = Debug|Any CPU
		{A01DCC6D-226A-4003-86EB-925696C01FDD}.Debug|x86.Build.0 = Debug|Any CPU
		{A01DCC6D-226A-4003-86EB-925696C01FDD}.Release|Any CPU.ActiveCfg = Release|Any CPU
		{A01DCC6D-226A-4003-86EB-925696C01FDD}.Release|Any CPU.Build.0 = Release|Any CPU
		{A01DCC6D-226A-4003-86EB-925696C01FDD}.Release|x64.ActiveCfg = Release|Any CPU
		{A01DCC6D-226A-4003-86EB-925696C01FDD}.Release|x64.Build.0 = Release|Any CPU
		{A01DCC6D-226A-4003-86EB-925696C01FDD}.Release|x86.ActiveCfg = Release|Any CPU
		{A01DCC6D-226A-4003-86EB-925696C01FDD}.Release|x86.Build.0 = Release|Any CPU
		{465C0B5D-91AE-437F-BDE9-D294449BDF77}.Debug|Any CPU.ActiveCfg = Debug|Any CPU
		{465C0B5D-91AE-437F-BDE9-D294449BDF77}.Debug|Any CPU.Build.0 = Debug|Any CPU
		{465C0B5D-91AE-437F-BDE9-D294449BDF77}.Debug|x64.ActiveCfg = Debug|Any CPU
		{465C0B5D-91AE-437F-BDE9-D294449BDF77}.Debug|x64.Build.0 = Debug|Any CPU
		{465C0B5D-91AE-437F-BDE9-D294449BDF77}.Debug|x86.ActiveCfg = Debug|Any CPU
		{465C0B5D-91AE-437F-BDE9-D294449BDF77}.Debug|x86.Build.0 = Debug|Any CPU
		{465C0B5D-91AE-437F-BDE9-D294449BDF77}.Release|Any CPU.ActiveCfg = Release|Any CPU
		{465C0B5D-91AE-437F-BDE9-D294449BDF77}.Release|Any CPU.Build.0 = Release|Any CPU
		{465C0B5D-91AE-437F-BDE9-D294449BDF77}.Release|x64.ActiveCfg = Release|Any CPU
		{465C0B5D-91AE-437F-BDE9-D294449BDF77}.Release|x64.Build.0 = Release|Any CPU
		{465C0B5D-91AE-437F-BDE9-D294449BDF77}.Release|x86.ActiveCfg = Release|Any CPU
		{465C0B5D-91AE-437F-BDE9-D294449BDF77}.Release|x86.Build.0 = Release|Any CPU
	EndGlobalSection
	GlobalSection(SolutionProperties) = preSolution
		HideSolutionNode = FALSE
	EndGlobalSection
EndGlobal
